// !$*UTF8*$!
{
	archiveVersion = 1;
	classes = {
	};
	objectVersion = 46;
	objects = {

/* Begin PBXBuildFile section */
		24E246741C59DFD9006B18D7 /* main.m in Sources */ = {isa = PBXBuildFile; fileRef = 24E246731C59DFD9006B18D7 /* main.m */; };
		24E2467C1C59E59B006B18D7 /* Student.m in Sources */ = {isa = PBXBuildFile; fileRef = 24E2467B1C59E59B006B18D7 /* Student.m */; };
/* End PBXBuildFile section */

/* Begin PBXCopyFilesBuildPhase section */
		24E2466E1C59DFD9006B18D7 /* CopyFiles */ = {
			isa = PBXCopyFilesBuildPhase;
			buildActionMask = 2147483647;
			dstPath = /usr/share/man/man1/;
			dstSubfolderSpec = 0;
			files = (
			);
			runOnlyForDeploymentPostprocessing = 1;
		};
/* End PBXCopyFilesBuildPhase section */

/* Begin PBXFileReference section */
		24E246701C59DFD9006B18D7 /* Homework_04_丁云川 */ = {isa = PBXFileReference; explicitFileType = "compiled.mach-o.executable"; includeInIndex = 0; path = "Homework_04_丁云川"; sourceTree = BUILT_PRODUCTS_DIR; };
		24E246731C59DFD9006B18D7 /* main.m */ = {isa = PBXFileReference; lastKnownFileType = sourcecode.c.objc; path = main.m; sourceTree = "<group>"; };
		24E2467A1C59E59B006B18D7 /* Student.h */ = {isa = PBXFileReference; fileEncoding = 4; lastKnownFileType = sourcecode.c.h; path = Student.h; sourceTree = "<group>"; };
		24E2467B1C59E59B006B18D7 /* Student.m */ = {isa = PBXFileReference; fileEncoding = 4; lastKnownFileType = sourcecode.c.objc; path = Student.m; sourceTree = "<group>"; };
/* End PBXFileReference section */

/* Begin PBXFrameworksBuildPhase section */
		24E2466D1C59DFD9006B18D7 /* Frameworks */ = {
			isa = PBXFrameworksBuildPhase;
			buildActionMask = 2147483647;
			files = (
			);
			runOnlyForDeploymentPostprocessing = 0;
		};
/* End PBXFrameworksBuildPhase section */

/* Begin PBXGroup section */
		24E246671C59DFD9006B18D7 = {
			isa = PBXGroup;
			children = (
				24E246721C59DFD9006B18D7 /* Homework_04_丁云川 */,
				24E246711C59DFD9006B18D7 /* Products */,
			);
			sourceTree = "<group>";
		};
		24E246711C59DFD9006B18D7 /* Products */ = {
			isa = PBXGroup;
			children = (
				24E246701C59DFD9006B18D7 /* Homework_04_丁云川 */,
			);
			name = Products;
			sourceTree = "<group>";
		};
		24E246721C59DFD9006B18D7 /* Homework_04_丁云川 */ = {
			isa = PBXGroup;
			children = (
				24E246731C59DFD9006B18D7 /* main.m */,
				24E2467A1C59E59B006B18D7 /* Student.h */,
				24E2467B1C59E59B006B18D7 /* Student.m */,
			);
			path = "Homework_04_丁云川";
			sourceTree = "<group>";
		};
/* End PBXGroup section */

/* Begin PBXNativeTarget section */
		24E2466F1C59DFD9006B18D7 /* Homework_04_丁云川 */ = {
			isa = PBXNativeTarget;
			buildConfigurationList = 24E246771C59DFD9006B18D7 /* Build configuration list for PBXNativeTarget "Homework_04_丁云川" */;
			buildPhases = (
				24E2466C1C59DFD9006B18D7 /* Sources */,
				24E2466D1C59DFD9006B18D7 /* Frameworks */,
				24E2466E1C59DFD9006B18D7 /* CopyFiles */,
			);
			buildRules = (
			);
			dependencies = (
			);
			name = "Homework_04_丁云川";
			productName = "Homework_04_丁云川";
			productReference = 24E246701C59DFD9006B18D7 /* Homework_04_丁云川 */;
			productType = "com.apple.product-type.tool";
		};
/* End PBXNativeTarget section */

/* Begin PBXProject section */
		24E246681C59DFD9006B18D7 /* Project object */ = {
			isa = PBXProject;
			attributes = {
				LastUpgradeCheck = 0720;
				ORGANIZATIONNAME = "Ding YunChuan";
				TargetAttributes = {
					24E2466F1C59DFD9006B18D7 = {
						CreatedOnToolsVersion = 7.2;
					};
				};
			};
			buildConfigurationList = 24E2466B1C59DFD9006B18D7 /* Build configuration list for PBXProject "Homework_04_丁云川" */;
			compatibilityVersion = "Xcode 3.2";
			developmentRegion = English;
			hasScannedForEncodings = 0;
			knownRegions = (
				en,
			);
			mainGroup = 24E246671C59DFD9006B18D7;
			productRefGroup = 24E246711C59DFD9006B18D7 /* Products */;
			projectDirPath = "";
			projectRoot = "";
			targets = (
				24E2466F1C59DFD9006B18D7 /* Homework_04_丁云川 */,
			);
		};
/* End PBXProject section */

/* Begin PBXSourcesBuildPhase section */
		24E2466C1C59DFD9006B18D7 /* Sources */ = {
			isa = PBXSourcesBuildPhase;
			buildActionMask = 2147483647;
			files = (
				24E246741C59DFD9006B18D7 /* main.m in Sources */,
				24E2467C1C59E59B006B18D7 /* Student.m in Sources */,
			);
			runOnlyForDeploymentPostprocessing = 0;
		};
/* End PBXSourcesBuildPhase section */

/* Begin XCBuildConfiguration section */
		24E246751C59DFD9006B18D7 /* Debug */ = {
			isa = XCBuildConfiguration;
			buildSettings = {
				ALWAYS_SEARCH_USER_PATHS = NO;
				CLANG_CXX_LANGUAGE_STANDARD = "gnu++0x";
				CLANG_CXX_LIBRARY = "libc++";
				CLANG_ENABLE_MODULES = YES;
				CLANG_ENABLE_OBJC_ARC = YES;
				CLANG_WARN_BOOL_CONVERSION = YES;
				CLANG_WARN_CONSTANT_CONVERSION = YES;
				CLANG_WARN_DIRECT_OBJC_ISA_USAGE = YES_ERROR;
				CLANG_WARN_EMPTY_BODY = YES;
				CLANG_WARN_ENUM_CONVERSION = YES;
				CLANG_WARN_INT_CONVERSION = YES;
				CLANG_WARN_OBJC_ROOT_CLASS = YES_ERROR;
				CLANG_WARN_UNREACHABLE_CODE = YES;
				CLANG_WARN__DUPLICATE_METHOD_MATCH = YES;
				CODE_SIGN_IDENTITY = "-";
				COPY_PHASE_STRIP = NO;
				DEBUG_INFORMATION_FORMAT = dwarf;
				ENABLE_STRICT_OBJC_MSGSEND = YES;
				ENABLE_TESTABILITY = YES;
				GCC_C_LANGUAGE_STANDARD = gnu99;
				GCC_DYNAMIC_NO_PIC = NO;
				GCC_NO_COMMON_BLOCKS = YES;
				GCC_OPTIMIZATION_LEVEL = 0;
				GCC_PREPROCESSOR_DEFINITIONS = (
					"DEBUG=1",
					"$(inherited)",
				);
				GCC_WARN_64_TO_32_BIT_CONVERSION = YES;
				GCC_WARN_ABOUT_RETURN_TYPE = YES_ERROR;
				GCC_WARN_UNDECLARED_SELECTOR = YES;
				GCC_WARN_UNINITIALIZED_AUTOS = YES_AGGRESSIVE;
				GCC_WARN_UNUSED_FUNCTION = YES;
				GCC_WARN_UNUSED_VARIABLE = YES;
				MACOSX_DEPLOYMENT_TARGET = 10.10;
				MTL_ENABLE_DEBUG_INFO = YES;
				ONLY_ACTIVE_ARCH = YES;
				SDKROOT = macosx;
			};
			name = Debug;
		};
		24E246761C59DFD9006B18D7 /* Release */ = {
			isa = XCBuildConfiguration;
			buildSettings = {
				ALWAYS_SEARCH_USER_PATHS = NO;
				CLANG_CXX_LANGUAGE_STANDARD = "gnu++0x";
				CLANG_CXX_LIBRARY = "libc++";
				CLANG_ENABLE_MODULES = YES;
				CLANG_ENABLE_OBJC_ARC = YES;
				CLANG_WARN_BOOL_CONVERSION = YES;
				CLANG_WARN_CONSTANT_CONVERSION = YES;
				CLANG_WARN_DIRECT_OBJC_ISA_USAGE = YES_ERROR;
				CLANG_WARN_EMPTY_BODY = YES;
				CLANG_WARN_ENUM_CONVERSION = YES;
				CLANG_WARN_INT_CONVERSION = YES;
				CLANG_WARN_OBJC_ROOT_CLASS = YES_ERROR;
				CLANG_WARN_UNREACHABLE_CODE = YES;
				CLANG_WARN__DUPLICATE_METHOD_MATCH = YES;
				CODE_SIGN_IDENTITY = "-";
				COPY_PHASE_STRIP = NO;
				DEBUG_INFORMATION_FORMAT = "dwarf-with-dsym";
				ENABLE_NS_ASSERTIONS = NO;
				ENABLE_STRICT_OBJC_MSGSEND = YES;
				GCC_C_LANGUAGE_STANDARD = gnu99;
				GCC_NO_COMMON_BLOCKS = YES;
				GCC_WARN_64_TO_32_BIT_CONVERSION = YES;
				GCC_WARN_ABOUT_RETURN_TYPE = YES_ERROR;
				GCC_WARN_UNDECLARED_SELECTOR = YES;
				GCC_WARN_UNINITIALIZED_AUTOS = YES_AGGRESSIVE;
				GCC_WARN_UNUSED_FUNCTION = YES;
				GCC_WARN_UNUSED_VARIABLE = YES;
				MACOSX_DEPLOYMENT_TARGET = 10.10;
				MTL_ENABLE_DEBUG_INFO = NO;
				SDKROOT = macosx;
			};
			name = Release;
		};
		24E246781C59DFD9006B18D7 /* Debug */ = {
			isa = XCBuildConfiguration;
			buildSettings = {
				PRODUCT_NAME = "$(TARGET_NAME)";
			};
			name = Debug;
		};
		24E246791C59DFD9006B18D7 /* Release */ = {
			isa = XCBuildConfiguration;
			buildSettings = {
				PRODUCT_NAME = "$(TARGET_NAME)";
			};
			name = Release;
		};
/* End XCBuildConfiguration section */

/* Begin XCConfigurationList section */
		24E2466B1C59DFD9006B18D7 /* Build configuration list for PBXProject "Homework_04_丁云川" */ = {
			isa = XCConfigurationList;
			buildConfigurations = (
				24E246751C59DFD9006B18D7 /* Debug */,
				24E246761C59DFD9006B18D7 /* Release */,
			);
			defaultConfigurationIsVisible = 0;
			defaultConfigurationName = Release;
		};
		24E246771C59DFD9006B18D7 /* Build configuration list for PBXNativeTarget "Homework_04_丁云川" */ = {
			isa = XCConfigurationList;
			buildConfigurations = (
				24E246781C59DFD9006B18D7 /* Debug */,
				24E246791C59DFD9006B18D7 /* Release */,
			);
			defaultConfigurationIsVisible = 0;
		};
/* End XCConfigurationList section */
	};
	rootObject = 24E246681C59DFD9006B18D7 /* Project object */;
}
